// !$*UTF8*$!
{
	archiveVersion = 1;
	classes = {
	};
	objectVersion = 55;
	objects = {

/* Begin PBXBuildFile section */
		E71501FD285A1C2400AA7558 /* ExampleApp.swift in Sources */ = {isa = PBXBuildFile; fileRef = E71501FC285A1C2400AA7558 /* ExampleApp.swift */; };
		E71501FF285A1C2500AA7558 /* ContentView.swift in Sources */ = {isa = PBXBuildFile; fileRef = E71501FE285A1C2500AA7558 /* ContentView.swift */; };
		E7150201285A1C2600AA7558 /* Assets.xcassets in Resources */ = {isa = PBXBuildFile; fileRef = E7150200285A1C2600AA7558 /* Assets.xcassets */; };
		E7150204285A1C2600AA7558 /* Preview Assets.xcassets in Resources */ = {isa = PBXBuildFile; fileRef = E7150203285A1C2600AA7558 /* Preview Assets.xcassets */; };
		E7215A6428A694E100963299 /* TwoInputsExampleView.swift in Sources */ = {isa = PBXBuildFile; fileRef = E7215A6328A694E100963299 /* TwoInputsExampleView.swift */; };
		E7215A6628A6A27F00963299 /* Decimal+extension.swift in Sources */ = {isa = PBXBuildFile; fileRef = E7215A6528A6A27F00963299 /* Decimal+extension.swift */; };
		E7215A6828A6A6CF00963299 /* InputField.swift in Sources */ = {isa = PBXBuildFile; fileRef = E7215A6728A6A6CF00963299 /* InputField.swift */; };
		E77148F5289CF40100D9957F /* OneInputExampleView.swift in Sources */ = {isa = PBXBuildFile; fileRef = E77148F4289CF40100D9957F /* OneInputExampleView.swift */; };
		E77148F7289CF40400D9957F /* CalculatorTextFieldView.swift in Sources */ = {isa = PBXBuildFile; fileRef = E77148F6289CF40400D9957F /* CalculatorTextFieldView.swift */; };
		E77148F9289CF4DF00D9957F /* DisplayValueView.swift in Sources */ = {isa = PBXBuildFile; fileRef = E77148F8289CF4DF00D9957F /* DisplayValueView.swift */; };
		E77148FC289D1FCF00D9957F /* SetValueView.swift in Sources */ = {isa = PBXBuildFile; fileRef = E77148FB289D1FCF00D9957F /* SetValueView.swift */; };
		E7F5CA682862DAC500BF256E /* CalculatorKeyboard in Frameworks */ = {isa = PBXBuildFile; productRef = E7F5CA672862DAC500BF256E /* CalculatorKeyboard */; };
/* End PBXBuildFile section */

/* Begin PBXFileReference section */
		E7131D202862DD3800F06FE9 /* CalculatorKeyboard */ = {isa = PBXFileReference; lastKnownFileType = wrapper; name = CalculatorKeyboard; path = ..; sourceTree = "<group>"; };
		E71501F9285A1C2400AA7558 /* Example.app */ = {isa = PBXFileReference; explicitFileType = wrapper.application; includeInIndex = 0; path = Example.app; sourceTree = BUILT_PRODUCTS_DIR; };
		E71501FC285A1C2400AA7558 /* ExampleApp.swift */ = {isa = PBXFileReference; lastKnownFileType = sourcecode.swift; path = ExampleApp.swift; sourceTree = "<group>"; };
		E71501FE285A1C2500AA7558 /* ContentView.swift */ = {isa = PBXFileReference; lastKnownFileType = sourcecode.swift; path = ContentView.swift; sourceTree = "<group>"; };
		E7150200285A1C2600AA7558 /* Assets.xcassets */ = {isa = PBXFileReference; lastKnownFileType = folder.assetcatalog; path = Assets.xcassets; sourceTree = "<group>"; };
		E7150203285A1C2600AA7558 /* Preview Assets.xcassets */ = {isa = PBXFileReference; lastKnownFileType = folder.assetcatalog; path = "Preview Assets.xcassets"; sourceTree = "<group>"; };
		E7215A6328A694E100963299 /* TwoInputsExampleView.swift */ = {isa = PBXFileReference; lastKnownFileType = sourcecode.swift; path = TwoInputsExampleView.swift; sourceTree = "<group>"; };
		E7215A6528A6A27F00963299 /* Decimal+extension.swift */ = {isa = PBXFileReference; lastKnownFileType = sourcecode.swift; path = "Decimal+extension.swift"; sourceTree = "<group>"; };
		E7215A6728A6A6CF00963299 /* InputField.swift */ = {isa = PBXFileReference; lastKnownFileType = sourcecode.swift; path = InputField.swift; sourceTree = "<group>"; };
		E77148F4289CF40100D9957F /* OneInputExampleView.swift */ = {isa = PBXFileReference; lastKnownFileType = sourcecode.swift; path = OneInputExampleView.swift; sourceTree = "<group>"; };
		E77148F6289CF40400D9957F /* CalculatorTextFieldView.swift */ = {isa = PBXFileReference; lastKnownFileType = sourcecode.swift; path = CalculatorTextFieldView.swift; sourceTree = "<group>"; };
		E77148F8289CF4DF00D9957F /* DisplayValueView.swift */ = {isa = PBXFileReference; lastKnownFileType = sourcecode.swift; path = DisplayValueView.swift; sourceTree = "<group>"; };
		E77148FB289D1FCF00D9957F /* SetValueView.swift */ = {isa = PBXFileReference; fileEncoding = 4; lastKnownFileType = sourcecode.swift; path = SetValueView.swift; sourceTree = "<group>"; };
/* End PBXFileReference section */

/* Begin PBXFrameworksBuildPhase section */
		E71501F6285A1C2400AA7558 /* Frameworks */ = {
			isa = PBXFrameworksBuildPhase;
			buildActionMask = 2147483647;
			files = (
				E7F5CA682862DAC500BF256E /* CalculatorKeyboard in Frameworks */,
			);
			runOnlyForDeploymentPostprocessing = 0;
		};
/* End PBXFrameworksBuildPhase section */

/* Begin PBXGroup section */
		E7131D1F2862DD3800F06FE9 /* Packages */ = {
			isa = PBXGroup;
			children = (
				E7131D202862DD3800F06FE9 /* CalculatorKeyboard */,
			);
			name = Packages;
			sourceTree = "<group>";
		};
		E71501F0285A1C2400AA7558 = {
			isa = PBXGroup;
			children = (
				E7131D1F2862DD3800F06FE9 /* Packages */,
				E71501FB285A1C2400AA7558 /* Example */,
				E71501FA285A1C2400AA7558 /* Products */,
				E715020C285A1C9E00AA7558 /* Frameworks */,
			);
			sourceTree = "<group>";
		};
		E71501FA285A1C2400AA7558 /* Products */ = {
			isa = PBXGroup;
			children = (
				E71501F9285A1C2400AA7558 /* Example.app */,
			);
			name = Products;
			sourceTree = "<group>";
		};
		E71501FB285A1C2400AA7558 /* Example */ = {
			isa = PBXGroup;
			children = (
				E71501FC285A1C2400AA7558 /* ExampleApp.swift */,
				E71501FE285A1C2500AA7558 /* ContentView.swift */,
				E77148F4289CF40100D9957F /* OneInputExampleView.swift */,
				E7215A6328A694E100963299 /* TwoInputsExampleView.swift */,
				E7215A6728A6A6CF00963299 /* InputField.swift */,
				E7215A6528A6A27F00963299 /* Decimal+extension.swift */,
				E77148F6289CF40400D9957F /* CalculatorTextFieldView.swift */,
				E77148FA289D1F8600D9957F /* View */,
				E7150200285A1C2600AA7558 /* Assets.xcassets */,
				E7150202285A1C2600AA7558 /* Preview Content */,
			);
			path = Example;
			sourceTree = "<group>";
		};
		E7150202285A1C2600AA7558 /* Preview Content */ = {
			isa = PBXGroup;
			children = (
				E7150203285A1C2600AA7558 /* Preview Assets.xcassets */,
			);
			path = "Preview Content";
			sourceTree = "<group>";
		};
		E715020C285A1C9E00AA7558 /* Frameworks */ = {
			isa = PBXGroup;
			children = (
			);
			name = Frameworks;
			sourceTree = "<group>";
		};
		E77148FA289D1F8600D9957F /* View */ = {
			isa = PBXGroup;
			children = (
				E77148FB289D1FCF00D9957F /* SetValueView.swift */,
				E77148F8289CF4DF00D9957F /* DisplayValueView.swift */,
			);
			path = View;
			sourceTree = "<group>";
		};
/* End PBXGroup section */

/* Begin PBXNativeTarget section */
		E71501F8285A1C2400AA7558 /* Example */ = {
			isa = PBXNativeTarget;
			buildConfigurationList = E7150207285A1C2600AA7558 /* Build configuration list for PBXNativeTarget "Example" */;
			buildPhases = (
				E71501F5285A1C2400AA7558 /* Sources */,
				E71501F6285A1C2400AA7558 /* Frameworks */,
				E71501F7285A1C2400AA7558 /* Resources */,
			);
			buildRules = (
			);
			dependencies = (
			);
			name = Example;
			packageProductDependencies = (
				E7F5CA672862DAC500BF256E /* CalculatorKeyboard */,
			);
			productName = Example;
			productReference = E71501F9285A1C2400AA7558 /* Example.app */;
			productType = "com.apple.product-type.application";
		};
/* End PBXNativeTarget section */

/* Begin PBXProject section */
		E71501F1285A1C2400AA7558 /* Project object */ = {
			isa = PBXProject;
			attributes = {
				BuildIndependentTargetsInParallel = 1;
				LastSwiftUpdateCheck = 1330;
				LastUpgradeCheck = 1330;
				TargetAttributes = {
					E71501F8285A1C2400AA7558 = {
						CreatedOnToolsVersion = 13.3.1;
					};
				};
			};
			buildConfigurationList = E71501F4285A1C2400AA7558 /* Build configuration list for PBXProject "Example" */;
			compatibilityVersion = "Xcode 13.0";
			developmentRegion = en;
			hasScannedForEncodings = 0;
			knownRegions = (
				en,
				Base,
			);
			mainGroup = E71501F0285A1C2400AA7558;
			packageReferences = (
			);
			productRefGroup = E71501FA285A1C2400AA7558 /* Products */;
			projectDirPath = "";
			projectRoot = "";
			targets = (
				E71501F8285A1C2400AA7558 /* Example */,
			);
		};
/* End PBXProject section */

/* Begin PBXResourcesBuildPhase section */
		E71501F7285A1C2400AA7558 /* Resources */ = {
			isa = PBXResourcesBuildPhase;
			buildActionMask = 2147483647;
			files = (
				E7150204285A1C2600AA7558 /* Preview Assets.xcassets in Resources */,
				E7150201285A1C2600AA7558 /* Assets.xcassets in Resources */,
			);
			runOnlyForDeploymentPostprocessing = 0;
		};
/* End PBXResourcesBuildPhase section */

/* Begin PBXSourcesBuildPhase section */
		E71501F5285A1C2400AA7558 /* Sources */ = {
			isa = PBXSourcesBuildPhase;
			buildActionMask = 2147483647;
			files = (
				E71501FF285A1C2500AA7558 /* ContentView.swift in Sources */,
				E7215A6628A6A27F00963299 /* Decimal+extension.swift in Sources */,
				E7215A6428A694E100963299 /* TwoInputsExampleView.swift in Sources */,
				E77148FC289D1FCF00D9957F /* SetValueView.swift in Sources */,
				E71501FD285A1C2400AA7558 /* ExampleApp.swift in Sources */,
				E77148F9289CF4DF00D9957F /* DisplayValueView.swift in Sources */,
				E7215A6828A6A6CF00963299 /* InputField.swift in Sources */,
				E77148F7289CF40400D9957F /* CalculatorTextFieldView.swift in Sources */,
				E77148F5289CF40100D9957F /* OneInputExampleView.swift in Sources */,
			);
			runOnlyForDeploymentPostprocessing = 0;
		};
/* End PBXSourcesBuildPhase section */

/* Begin XCBuildConfiguration section */
		E7150205285A1C2600AA7558 /* Debug */ = {
			isa = XCBuildConfiguration;
			buildSettings = {
				ALWAYS_SEARCH_USER_PATHS = NO;
				CLANG_ANALYZER_NONNULL = YES;
				CLANG_ANALYZER_NUMBER_OBJECT_CONVERSION = YES_AGGRESSIVE;
				CLANG_CXX_LANGUAGE_STANDARD = "gnu++17";
				CLANG_ENABLE_MODULES = YES;
				CLANG_ENABLE_OBJC_ARC = YES;
				CLANG_ENABLE_OBJC_WEAK = YES;
				CLANG_WARN_BLOCK_CAPTURE_AUTORELEASING = YES;
				CLANG_WARN_BOOL_CONVERSION = YES;
				CLANG_WARN_COMMA = YES;
				CLANG_WARN_CONSTANT_CONVERSION = YES;
				CLANG_WARN_DEPRECATED_OBJC_IMPLEMENTATIONS = YES;
				CLANG_WARN_DIRECT_OBJC_ISA_USAGE = YES_ERROR;
				CLANG_WARN_DOCUMENTATION_COMMENTS = YES;
				CLANG_WARN_EMPTY_BODY = YES;
				CLANG_WARN_ENUM_CONVERSION = YES;
				CLANG_WARN_INFINITE_RECURSION = YES;
				CLANG_WARN_INT_CONVERSION = YES;
				CLANG_WARN_NON_LITERAL_NULL_CONVERSION = YES;
				CLANG_WARN_OBJC_IMPLICIT_RETAIN_SELF = YES;
				CLANG_WARN_OBJC_LITERAL_CONVERSION = YES;
				CLANG_WARN_OBJC_ROOT_CLASS = YES_ERROR;
				CLANG_WARN_QUOTED_INCLUDE_IN_FRAMEWORK_HEADER = YES;
				CLANG_WARN_RANGE_LOOP_ANALYSIS = YES;
				CLANG_WARN_STRICT_PROTOTYPES = YES;
				CLANG_WARN_SUSPICIOUS_MOVE = YES;
				CLANG_WARN_UNGUARDED_AVAILABILITY = YES_AGGRESSIVE;
				CLANG_WARN_UNREACHABLE_CODE = YES;
				CLANG_WARN__DUPLICATE_METHOD_MATCH = YES;
				COPY_PHASE_STRIP = NO;
				DEBUG_INFORMATION_FORMAT = dwarf;
				ENABLE_STRICT_OBJC_MSGSEND = YES;
				ENABLE_TESTABILITY = YES;
				GCC_C_LANGUAGE_STANDARD = gnu11;
				GCC_DYNAMIC_NO_PIC = NO;
				GCC_NO_COMMON_BLOCKS = YES;
				GCC_OPTIMIZATION_LEVEL = 0;
				GCC_PREPROCESSOR_DEFINITIONS = (
					"DEBUG=1",
					"$(inherited)",
				);
				GCC_WARN_64_TO_32_BIT_CONVERSION = YES;
				GCC_WARN_ABOUT_RETURN_TYPE = YES_ERROR;
				GCC_WARN_UNDECLARED_SELECTOR = YES;
				GCC_WARN_UNINITIALIZED_AUTOS = YES_AGGRESSIVE;
				GCC_WARN_UNUSED_FUNCTION = YES;
				GCC_WARN_UNUSED_VARIABLE = YES;
				IPHONEOS_DEPLOYMENT_TARGET = 14.0;
				MTL_ENABLE_DEBUG_INFO = INCLUDE_SOURCE;
				MTL_FAST_MATH = YES;
				ONLY_ACTIVE_ARCH = YES;
				SDKROOT = iphoneos;
				SWIFT_ACTIVE_COMPILATION_CONDITIONS = DEBUG;
				SWIFT_OPTIMIZATION_LEVEL = "-Onone";
			};
			name = Debug;
		};
		E7150206285A1C2600AA7558 /* Release */ = {
			isa = XCBuildConfiguration;
			buildSettings = {
				ALWAYS_SEARCH_USER_PATHS = NO;
				CLANG_ANALYZER_NONNULL = YES;
				CLANG_ANALYZER_NUMBER_OBJECT_CONVERSION = YES_AGGRESSIVE;
				CLANG_CXX_LANGUAGE_STANDARD = "gnu++17";
				CLANG_ENABLE_MODULES = YES;
				CLANG_ENABLE_OBJC_ARC = YES;
				CLANG_ENABLE_OBJC_WEAK = YES;
				CLANG_WARN_BLOCK_CAPTURE_AUTORELEASING = YES;
				CLANG_WARN_BOOL_CONVERSION = YES;
				CLANG_WARN_COMMA = YES;
				CLANG_WARN_CONSTANT_CONVERSION = YES;
				CLANG_WARN_DEPRECATED_OBJC_IMPLEMENTATIONS = YES;
				CLANG_WARN_DIRECT_OBJC_ISA_USAGE = YES_ERROR;
				CLANG_WARN_DOCUMENTATION_COMMENTS = YES;
				CLANG_WARN_EMPTY_BODY = YES;
				CLANG_WARN_ENUM_CONVERSION = YES;
				CLANG_WARN_INFINITE_RECURSION = YES;
				CLANG_WARN_INT_CONVERSION = YES;
				CLANG_WARN_NON_LITERAL_NULL_CONVERSION = YES;
				CLANG_WARN_OBJC_IMPLICIT_RETAIN_SELF = YES;
				CLANG_WARN_OBJC_LITERAL_CONVERSION = YES;
				CLANG_WARN_OBJC_ROOT_CLASS = YES_ERROR;
				CLANG_WARN_QUOTED_INCLUDE_IN_FRAMEWORK_HEADER = YES;
				CLANG_WARN_RANGE_LOOP_ANALYSIS = YES;
				CLANG_WARN_STRICT_PROTOTYPES = YES;
				CLANG_WARN_SUSPICIOUS_MOVE = YES;
				CLANG_WARN_UNGUARDED_AVAILABILITY = YES_AGGRESSIVE;
				CLANG_WARN_UNREACHABLE_CODE = YES;
				CLANG_WARN__DUPLICATE_METHOD_MATCH = YES;
				COPY_PHASE_STRIP = NO;
				DEBUG_INFORMATION_FORMAT = "dwarf-with-dsym";
				ENABLE_NS_ASSERTIONS = NO;
				ENABLE_STRICT_OBJC_MSGSEND = YES;
				GCC_C_LANGUAGE_STANDARD = gnu11;
				GCC_NO_COMMON_BLOCKS = YES;
				GCC_WARN_64_TO_32_BIT_CONVERSION = YES;
				GCC_WARN_ABOUT_RETURN_TYPE = YES_ERROR;
				GCC_WARN_UNDECLARED_SELECTOR = YES;
				GCC_WARN_UNINITIALIZED_AUTOS = YES_AGGRESSIVE;
				GCC_WARN_UNUSED_FUNCTION = YES;
				GCC_WARN_UNUSED_VARIABLE = YES;
				IPHONEOS_DEPLOYMENT_TARGET = 14.0;
				MTL_ENABLE_DEBUG_INFO = NO;
				MTL_FAST_MATH = YES;
				SDKROOT = iphoneos;
				SWIFT_COMPILATION_MODE = wholemodule;
				SWIFT_OPTIMIZATION_LEVEL = "-O";
				VALIDATE_PRODUCT = YES;
			};
			name = Release;
		};
		E7150208285A1C2600AA7558 /* Debug */ = {
			isa = XCBuildConfiguration;
			buildSettings = {
				ASSETCATALOG_COMPILER_APPICON_NAME = AppIcon;
				ASSETCATALOG_COMPILER_GLOBAL_ACCENT_COLOR_NAME = AccentColor;
				CODE_SIGN_STYLE = Automatic;
				CURRENT_PROJECT_VERSION = 1;
				DEVELOPMENT_ASSET_PATHS = "\"Example/Preview Content\"";
				ENABLE_PREVIEWS = YES;
				GENERATE_INFOPLIST_FILE = YES;
				INFOPLIST_KEY_UIApplicationSceneManifest_Generation = YES;
				INFOPLIST_KEY_UIApplicationSupportsIndirectInputEvents = YES;
				INFOPLIST_KEY_UILaunchScreen_Generation = YES;
				INFOPLIST_KEY_UISupportedInterfaceOrientations_iPad = "UIInterfaceOrientationPortrait UIInterfaceOrientationPortraitUpsideDown UIInterfaceOrientationLandscapeLeft UIInterfaceOrientationLandscapeRight";
				INFOPLIST_KEY_UISupportedInterfaceOrientations_iPhone = "UIInterfaceOrientationPortrait UIInterfaceOrientationLandscapeLeft UIInterfaceOrientationLandscapeRight";
				IPHONEOS_DEPLOYMENT_TARGET = 14.0;
				LD_RUNPATH_SEARCH_PATHS = (
					"$(inherited)",
					"@executable_path/Frameworks",
				);
				MARKETING_VERSION = 1.0;
				PRODUCT_BUNDLE_IDENTIFIER = com.calcboard.Example;
				PRODUCT_NAME = "$(TARGET_NAME)";
				SWIFT_EMIT_LOC_STRINGS = YES;
				SWIFT_VERSION = 5.0;
				TARGETED_DEVICE_FAMILY = "1,2";
			};
			name = Debug;
		};
		E7150209285A1C2600AA7558 /* Release */ = {
			isa = XCBuildConfiguration;
			buildSettings = {
				ASSETCATALOG_COMPILER_APPICON_NAME = AppIcon;
				ASSETCATALOG_COMPILER_GLOBAL_ACCENT_COLOR_NAME = AccentColor;
				CODE_SIGN_STYLE = Automatic;
				CURRENT_PROJECT_VERSION = 1;
				DEVELOPMENT_ASSET_PATHS = "\"Example/Preview Content\"";
				ENABLE_PREVIEWS = YES;
				GENERATE_INFOPLIST_FILE = YES;
				INFOPLIST_KEY_UIApplicationSceneManifest_Generation = YES;
				INFOPLIST_KEY_UIApplicationSupportsIndirectInputEvents = YES;
				INFOPLIST_KEY_UILaunchScreen_Generation = YES;
				INFOPLIST_KEY_UISupportedInterfaceOrientations_iPad = "UIInterfaceOrientationPortrait UIInterfaceOrientationPortraitUpsideDown UIInterfaceOrientationLandscapeLeft UIInterfaceOrientationLandscapeRight";
				INFOPLIST_KEY_UISupportedInterfaceOrientations_iPhone = "UIInterfaceOrientationPortrait UIInterfaceOrientationLandscapeLeft UIInterfaceOrientationLandscapeRight";
				IPHONEOS_DEPLOYMENT_TARGET = 14.0;
				LD_RUNPATH_SEARCH_PATHS = (
					"$(inherited)",
					"@executable_path/Frameworks",
				);
				MARKETING_VERSION = 1.0;
				PRODUCT_BUNDLE_IDENTIFIER = com.calcboard.Example;
				PRODUCT_NAME = "$(TARGET_NAME)";
				SWIFT_EMIT_LOC_STRINGS = YES;
				SWIFT_VERSION = 5.0;
				TARGETED_DEVICE_FAMILY = "1,2";
			};
			name = Release;
		};
/* End XCBuildConfiguration section */

/* Begin XCConfigurationList section */
		E71501F4285A1C2400AA7558 /* Build configuration list for PBXProject "Example" */ = {
			isa = XCConfigurationList;
			buildConfigurations = (
				E7150205285A1C2600AA7558 /* Debug */,
				E7150206285A1C2600AA7558 /* Release */,
			);
			defaultConfigurationIsVisible = 0;
			defaultConfigurationName = Release;
		};
		E7150207285A1C2600AA7558 /* Build configuration list for PBXNativeTarget "Example" */ = {
			isa = XCConfigurationList;
			buildConfigurations = (
				E7150208285A1C2600AA7558 /* Debug */,
				E7150209285A1C2600AA7558 /* Release */,
			);
			defaultConfigurationIsVisible = 0;
			defaultConfigurationName = Release;
		};
/* End XCConfigurationList section */

/* Begin XCSwiftPackageProductDependency section */
		E7F5CA672862DAC500BF256E /* CalculatorKeyboard */ = {
			isa = XCSwiftPackageProductDependency;
			productName = CalculatorKeyboard;
		};
/* End XCSwiftPackageProductDependency section */
	};
	rootObject = E71501F1285A1C2400AA7558 /* Project object */;
}
